// !$*UTF8*$!
{
	archiveVersion = 1;
	classes = {
	};
	objectVersion = 46;
	objects = {

/* Begin PBXBuildFile section */
		D2BC3CDF19EE95FB00C3C4F3 /* AppDelegate.swift in Sources */ = {isa = PBXBuildFile; fileRef = D2BC3CDE19EE95FB00C3C4F3 /* AppDelegate.swift */; };
		D2BC3CE119EE95FB00C3C4F3 /* ViewController.swift in Sources */ = {isa = PBXBuildFile; fileRef = D2BC3CE019EE95FB00C3C4F3 /* ViewController.swift */; };
		D2BC3CE419EE95FB00C3C4F3 /* Main.storyboard in Resources */ = {isa = PBXBuildFile; fileRef = D2BC3CE219EE95FB00C3C4F3 /* Main.storyboard */; };
		D2BC3CE619EE95FB00C3C4F3 /* Images.xcassets in Resources */ = {isa = PBXBuildFile; fileRef = D2BC3CE519EE95FB00C3C4F3 /* Images.xcassets */; };
		D2BC3CE919EE95FB00C3C4F3 /* LaunchScreen.xib in Resources */ = {isa = PBXBuildFile; fileRef = D2BC3CE719EE95FB00C3C4F3 /* LaunchScreen.xib */; };
		D2BC3CF519EE95FB00C3C4F3 /* cococlipTests.swift in Sources */ = {isa = PBXBuildFile; fileRef = D2BC3CF419EE95FB00C3C4F3 /* cococlipTests.swift */; };
		D2F6B9F019EFA96500DAFFA3 /* json.swift in Sources */ = {isa = PBXBuildFile; fileRef = D2F6B9EC19EFA96500DAFFA3 /* json.swift */; };
		D2F6B9F119EFA96500DAFFA3 /* LICENSE in Resources */ = {isa = PBXBuildFile; fileRef = D2F6B9ED19EFA96500DAFFA3 /* LICENSE */; };
		D2F6B9F219EFA96500DAFFA3 /* main.swift in Sources */ = {isa = PBXBuildFile; fileRef = D2F6B9EE19EFA96500DAFFA3 /* main.swift */; };
		D2F6B9F319EFA96500DAFFA3 /* README.md in Sources */ = {isa = PBXBuildFile; fileRef = D2F6B9EF19EFA96500DAFFA3 /* README.md */; };
		D2F6B9F619EFA9EE00DAFFA3 /* CococlipService.swift in Sources */ = {isa = PBXBuildFile; fileRef = D2F6B9F519EFA9EE00DAFFA3 /* CococlipService.swift */; };
		D2F6B9F919EFAAD700DAFFA3 /* HTTPClient.swift in Sources */ = {isa = PBXBuildFile; fileRef = D2F6B9F819EFAAD700DAFFA3 /* HTTPClient.swift */; };
		D2F6B9FC19EFB2D000DAFFA3 /* Clip.swift in Sources */ = {isa = PBXBuildFile; fileRef = D2F6B9FB19EFB2D000DAFFA3 /* Clip.swift */; };
/* End PBXBuildFile section */

/* Begin PBXContainerItemProxy section */
		D2BC3CEF19EE95FB00C3C4F3 /* PBXContainerItemProxy */ = {
			isa = PBXContainerItemProxy;
			containerPortal = D2BC3CD119EE95FB00C3C4F3 /* Project object */;
			proxyType = 1;
			remoteGlobalIDString = D2BC3CD819EE95FB00C3C4F3;
			remoteInfo = cococlip;
		};
/* End PBXContainerItemProxy section */

/* Begin PBXFileReference section */
		D2BC3CD919EE95FB00C3C4F3 /* cococlip.app */ = {isa = PBXFileReference; explicitFileType = wrapper.application; includeInIndex = 0; path = cococlip.app; sourceTree = BUILT_PRODUCTS_DIR; };
		D2BC3CDD19EE95FB00C3C4F3 /* Info.plist */ = {isa = PBXFileReference; lastKnownFileType = text.plist.xml; path = Info.plist; sourceTree = "<group>"; };
		D2BC3CDE19EE95FB00C3C4F3 /* AppDelegate.swift */ = {isa = PBXFileReference; lastKnownFileType = sourcecode.swift; path = AppDelegate.swift; sourceTree = "<group>"; };
		D2BC3CE019EE95FB00C3C4F3 /* ViewController.swift */ = {isa = PBXFileReference; lastKnownFileType = sourcecode.swift; path = ViewController.swift; sourceTree = "<group>"; };
		D2BC3CE319EE95FB00C3C4F3 /* Base */ = {isa = PBXFileReference; lastKnownFileType = file.storyboard; name = Base; path = Base.lproj/Main.storyboard; sourceTree = "<group>"; };
		D2BC3CE519EE95FB00C3C4F3 /* Images.xcassets */ = {isa = PBXFileReference; lastKnownFileType = folder.assetcatalog; path = Images.xcassets; sourceTree = "<group>"; };
		D2BC3CE819EE95FB00C3C4F3 /* Base */ = {isa = PBXFileReference; lastKnownFileType = file.xib; name = Base; path = Base.lproj/LaunchScreen.xib; sourceTree = "<group>"; };
		D2BC3CEE19EE95FB00C3C4F3 /* cococlipTests.xctest */ = {isa = PBXFileReference; explicitFileType = wrapper.cfbundle; includeInIndex = 0; path = cococlipTests.xctest; sourceTree = BUILT_PRODUCTS_DIR; };
		D2BC3CF319EE95FB00C3C4F3 /* Info.plist */ = {isa = PBXFileReference; lastKnownFileType = text.plist.xml; path = Info.plist; sourceTree = "<group>"; };
		D2BC3CF419EE95FB00C3C4F3 /* cococlipTests.swift */ = {isa = PBXFileReference; lastKnownFileType = sourcecode.swift; path = cococlipTests.swift; sourceTree = "<group>"; };
		D2F6B9EC19EFA96500DAFFA3 /* json.swift */ = {isa = PBXFileReference; fileEncoding = 4; lastKnownFileType = sourcecode.swift; path = json.swift; sourceTree = "<group>"; };
		D2F6B9ED19EFA96500DAFFA3 /* LICENSE */ = {isa = PBXFileReference; fileEncoding = 4; lastKnownFileType = text; path = LICENSE; sourceTree = "<group>"; };
		D2F6B9EE19EFA96500DAFFA3 /* main.swift */ = {isa = PBXFileReference; fileEncoding = 4; lastKnownFileType = sourcecode.swift; path = main.swift; sourceTree = "<group>"; };
		D2F6B9EF19EFA96500DAFFA3 /* README.md */ = {isa = PBXFileReference; fileEncoding = 4; lastKnownFileType = net.daringfireball.markdown; path = README.md; sourceTree = "<group>"; };
		D2F6B9F519EFA9EE00DAFFA3 /* CococlipService.swift */ = {isa = PBXFileReference; fileEncoding = 4; lastKnownFileType = sourcecode.swift; path = CococlipService.swift; sourceTree = "<group>"; };
		D2F6B9F819EFAAD700DAFFA3 /* HTTPClient.swift */ = {isa = PBXFileReference; fileEncoding = 4; lastKnownFileType = sourcecode.swift; path = HTTPClient.swift; sourceTree = "<group>"; };
		D2F6B9FB19EFB2D000DAFFA3 /* Clip.swift */ = {isa = PBXFileReference; fileEncoding = 4; lastKnownFileType = sourcecode.swift; path = Clip.swift; sourceTree = "<group>"; };
/* End PBXFileReference section */

/* Begin PBXFrameworksBuildPhase section */
		D2BC3CD619EE95FB00C3C4F3 /* Frameworks */ = {
			isa = PBXFrameworksBuildPhase;
			buildActionMask = 2147483647;
			files = (
			);
			runOnlyForDeploymentPostprocessing = 0;
		};
		D2BC3CEB19EE95FB00C3C4F3 /* Frameworks */ = {
			isa = PBXFrameworksBuildPhase;
			buildActionMask = 2147483647;
			files = (
			);
			runOnlyForDeploymentPostprocessing = 0;
		};
/* End PBXFrameworksBuildPhase section */

/* Begin PBXGroup section */
		D2BC3CD019EE95FB00C3C4F3 = {
			isa = PBXGroup;
			children = (
				D2BC3CDB19EE95FB00C3C4F3 /* cococlip */,
				D2BC3CF119EE95FB00C3C4F3 /* cococlipTests */,
				D2BC3CDA19EE95FB00C3C4F3 /* Products */,
			);
			sourceTree = "<group>";
		};
		D2BC3CDA19EE95FB00C3C4F3 /* Products */ = {
			isa = PBXGroup;
			children = (
				D2BC3CD919EE95FB00C3C4F3 /* cococlip.app */,
				D2BC3CEE19EE95FB00C3C4F3 /* cococlipTests.xctest */,
			);
			name = Products;
			sourceTree = "<group>";
		};
		D2BC3CDB19EE95FB00C3C4F3 /* cococlip */ = {
			isa = PBXGroup;
			children = (
				D2F6B9E919EFA96500DAFFA3 /* Classes */,
				D2BC3CDE19EE95FB00C3C4F3 /* AppDelegate.swift */,
				D2BC3CE019EE95FB00C3C4F3 /* ViewController.swift */,
				D2BC3CE219EE95FB00C3C4F3 /* Main.storyboard */,
				D2BC3CE519EE95FB00C3C4F3 /* Images.xcassets */,
				D2BC3CE719EE95FB00C3C4F3 /* LaunchScreen.xib */,
				D2BC3CDC19EE95FB00C3C4F3 /* Supporting Files */,
			);
			path = cococlip;
			sourceTree = "<group>";
		};
		D2BC3CDC19EE95FB00C3C4F3 /* Supporting Files */ = {
			isa = PBXGroup;
			children = (
				D2BC3CDD19EE95FB00C3C4F3 /* Info.plist */,
			);
			name = "Supporting Files";
			sourceTree = "<group>";
		};
		D2BC3CF119EE95FB00C3C4F3 /* cococlipTests */ = {
			isa = PBXGroup;
			children = (
				D2BC3CF419EE95FB00C3C4F3 /* cococlipTests.swift */,
				D2BC3CF219EE95FB00C3C4F3 /* Supporting Files */,
			);
			path = cococlipTests;
			sourceTree = "<group>";
		};
		D2BC3CF219EE95FB00C3C4F3 /* Supporting Files */ = {
			isa = PBXGroup;
			children = (
				D2BC3CF319EE95FB00C3C4F3 /* Info.plist */,
			);
			name = "Supporting Files";
			sourceTree = "<group>";
		};
		D2F6B9E919EFA96500DAFFA3 /* Classes */ = {
			isa = PBXGroup;
			children = (
				D2F6B9FA19EFB2C400DAFFA3 /* Models */,
				D2F6B9F419EFA9D500DAFFA3 /* Services */,
				D2F6B9EA19EFA96500DAFFA3 /* Libraries */,
			);
			path = Classes;
			sourceTree = "<group>";
		};
		D2F6B9EA19EFA96500DAFFA3 /* Libraries */ = {
			isa = PBXGroup;
			children = (
				D2F6B9F719EFAAB500DAFFA3 /* HTTPClient */,
				D2F6B9EB19EFA96500DAFFA3 /* swift-json */,
			);
			path = Libraries;
			sourceTree = "<group>";
		};
		D2F6B9EB19EFA96500DAFFA3 /* swift-json */ = {
			isa = PBXGroup;
			children = (
				D2F6B9EC19EFA96500DAFFA3 /* json.swift */,
				D2F6B9ED19EFA96500DAFFA3 /* LICENSE */,
				D2F6B9EE19EFA96500DAFFA3 /* main.swift */,
				D2F6B9EF19EFA96500DAFFA3 /* README.md */,
			);
			path = "swift-json";
			sourceTree = "<group>";
		};
		D2F6B9F419EFA9D500DAFFA3 /* Services */ = {
			isa = PBXGroup;
			children = (
				D2F6B9F519EFA9EE00DAFFA3 /* CococlipService.swift */,
			);
			path = Services;
			sourceTree = "<group>";
		};
		D2F6B9F719EFAAB500DAFFA3 /* HTTPClient */ = {
			isa = PBXGroup;
			children = (
				D2F6B9F819EFAAD700DAFFA3 /* HTTPClient.swift */,
			);
			name = HTTPClient;
			sourceTree = "<group>";
		};
		D2F6B9FA19EFB2C400DAFFA3 /* Models */ = {
			isa = PBXGroup;
			children = (
				D2F6B9FB19EFB2D000DAFFA3 /* Clip.swift */,
			);
			path = Models;
			sourceTree = "<group>";
		};
/* End PBXGroup section */

/* Begin PBXNativeTarget section */
		D2BC3CD819EE95FB00C3C4F3 /* cococlip */ = {
			isa = PBXNativeTarget;
			buildConfigurationList = D2BC3CF819EE95FB00C3C4F3 /* Build configuration list for PBXNativeTarget "cococlip" */;
			buildPhases = (
				D2BC3CD519EE95FB00C3C4F3 /* Sources */,
				D2BC3CD619EE95FB00C3C4F3 /* Frameworks */,
				D2BC3CD719EE95FB00C3C4F3 /* Resources */,
			);
			buildRules = (
			);
			dependencies = (
			);
			name = cococlip;
			productName = cococlip;
			productReference = D2BC3CD919EE95FB00C3C4F3 /* cococlip.app */;
			productType = "com.apple.product-type.application";
		};
		D2BC3CED19EE95FB00C3C4F3 /* cococlipTests */ = {
			isa = PBXNativeTarget;
			buildConfigurationList = D2BC3CFB19EE95FB00C3C4F3 /* Build configuration list for PBXNativeTarget "cococlipTests" */;
			buildPhases = (
				D2BC3CEA19EE95FB00C3C4F3 /* Sources */,
				D2BC3CEB19EE95FB00C3C4F3 /* Frameworks */,
				D2BC3CEC19EE95FB00C3C4F3 /* Resources */,
			);
			buildRules = (
			);
			dependencies = (
				D2BC3CF019EE95FB00C3C4F3 /* PBXTargetDependency */,
			);
			name = cococlipTests;
			productName = cococlipTests;
			productReference = D2BC3CEE19EE95FB00C3C4F3 /* cococlipTests.xctest */;
			productType = "com.apple.product-type.bundle.unit-test";
		};
/* End PBXNativeTarget section */

/* Begin PBXProject section */
		D2BC3CD119EE95FB00C3C4F3 /* Project object */ = {
			isa = PBXProject;
			attributes = {
				LastUpgradeCheck = 0600;
				ORGANIZATIONNAME = "Yu Nakanishi";
				TargetAttributes = {
					D2BC3CD819EE95FB00C3C4F3 = {
						CreatedOnToolsVersion = 6.0.1;
					};
					D2BC3CED19EE95FB00C3C4F3 = {
						CreatedOnToolsVersion = 6.0.1;
						TestTargetID = D2BC3CD819EE95FB00C3C4F3;
					};
				};
			};
			buildConfigurationList = D2BC3CD419EE95FB00C3C4F3 /* Build configuration list for PBXProject "cococlip" */;
			compatibilityVersion = "Xcode 3.2";
			developmentRegion = English;
			hasScannedForEncodings = 0;
			knownRegions = (
				en,
				Base,
			);
			mainGroup = D2BC3CD019EE95FB00C3C4F3;
			productRefGroup = D2BC3CDA19EE95FB00C3C4F3 /* Products */;
			projectDirPath = "";
			projectRoot = "";
			targets = (
				D2BC3CD819EE95FB00C3C4F3 /* cococlip */,
				D2BC3CED19EE95FB00C3C4F3 /* cococlipTests */,
			);
		};
/* End PBXProject section */

/* Begin PBXResourcesBuildPhase section */
		D2BC3CD719EE95FB00C3C4F3 /* Resources */ = {
			isa = PBXResourcesBuildPhase;
			buildActionMask = 2147483647;
			files = (
				D2BC3CE419EE95FB00C3C4F3 /* Main.storyboard in Resources */,
				D2BC3CE919EE95FB00C3C4F3 /* LaunchScreen.xib in Resources */,
				D2F6B9F119EFA96500DAFFA3 /* LICENSE in Resources */,
				D2BC3CE619EE95FB00C3C4F3 /* Images.xcassets in Resources */,
			);
			runOnlyForDeploymentPostprocessing = 0;
		};
		D2BC3CEC19EE95FB00C3C4F3 /* Resources */ = {
			isa = PBXResourcesBuildPhase;
			buildActionMask = 2147483647;
			files = (
			);
			runOnlyForDeploymentPostprocessing = 0;
		};
/* End PBXResourcesBuildPhase section */

/* Begin PBXSourcesBuildPhase section */
		D2BC3CD519EE95FB00C3C4F3 /* Sources */ = {
			isa = PBXSourcesBuildPhase;
			buildActionMask = 2147483647;
			files = (
				D2BC3CE119EE95FB00C3C4F3 /* ViewController.swift in Sources */,
				D2BC3CDF19EE95FB00C3C4F3 /* AppDelegate.swift in Sources */,
				D2F6B9F319EFA96500DAFFA3 /* README.md in Sources */,
				D2F6B9F919EFAAD700DAFFA3 /* HTTPClient.swift in Sources */,
				D2F6B9F219EFA96500DAFFA3 /* main.swift in Sources */,
				D2F6B9FC19EFB2D000DAFFA3 /* Clip.swift in Sources */,
				D2F6B9F019EFA96500DAFFA3 /* json.swift in Sources */,
				D2F6B9F619EFA9EE00DAFFA3 /* CococlipService.swift in Sources */,
			);
			runOnlyForDeploymentPostprocessing = 0;
		};
		D2BC3CEA19EE95FB00C3C4F3 /* Sources */ = {
			isa = PBXSourcesBuildPhase;
			buildActionMask = 2147483647;
			files = (
				D2BC3CF519EE95FB00C3C4F3 /* cococlipTests.swift in Sources */,
			);
			runOnlyForDeploymentPostprocessing = 0;
		};
/* End PBXSourcesBuildPhase section */

/* Begin PBXTargetDependency section */
		D2BC3CF019EE95FB00C3C4F3 /* PBXTargetDependency */ = {
			isa = PBXTargetDependency;
			target = D2BC3CD819EE95FB00C3C4F3 /* cococlip */;
			targetProxy = D2BC3CEF19EE95FB00C3C4F3 /* PBXContainerItemProxy */;
		};
/* End PBXTargetDependency section */

/* Begin PBXVariantGroup section */
		D2BC3CE219EE95FB00C3C4F3 /* Main.storyboard */ = {
			isa = PBXVariantGroup;
			children = (
				D2BC3CE319EE95FB00C3C4F3 /* Base */,
			);
			name = Main.storyboard;
			sourceTree = "<group>";
		};
		D2BC3CE719EE95FB00C3C4F3 /* LaunchScreen.xib */ = {
			isa = PBXVariantGroup;
			children = (
				D2BC3CE819EE95FB00C3C4F3 /* Base */,
			);
			name = LaunchScreen.xib;
			sourceTree = "<group>";
		};
/* End PBXVariantGroup section */

/* Begin XCBuildConfiguration section */
		D2BC3CF619EE95FB00C3C4F3 /* Debug */ = {
			isa = XCBuildConfiguration;
			buildSettings = {
				ALWAYS_SEARCH_USER_PATHS = NO;
				CLANG_CXX_LANGUAGE_STANDARD = "gnu++0x";
				CLANG_CXX_LIBRARY = "libc++";
				CLANG_ENABLE_MODULES = YES;
				CLANG_ENABLE_OBJC_ARC = YES;
				CLANG_WARN_BOOL_CONVERSION = YES;
				CLANG_WARN_CONSTANT_CONVERSION = YES;
				CLANG_WARN_DIRECT_OBJC_ISA_USAGE = YES_ERROR;
				CLANG_WARN_EMPTY_BODY = YES;
				CLANG_WARN_ENUM_CONVERSION = YES;
				CLANG_WARN_INT_CONVERSION = YES;
				CLANG_WARN_OBJC_ROOT_CLASS = YES_ERROR;
				CLANG_WARN_UNREACHABLE_CODE = YES;
				CLANG_WARN__DUPLICATE_METHOD_MATCH = YES;
				"CODE_SIGN_IDENTITY[sdk=iphoneos*]" = "iPhone Developer";
				COPY_PHASE_STRIP = NO;
				ENABLE_STRICT_OBJC_MSGSEND = YES;
				GCC_C_LANGUAGE_STANDARD = gnu99;
				GCC_DYNAMIC_NO_PIC = NO;
				GCC_OPTIMIZATION_LEVEL = 0;
				GCC_PREPROCESSOR_DEFINITIONS = (
					"DEBUG=1",
					"$(inherited)",
				);
				GCC_SYMBOLS_PRIVATE_EXTERN = NO;
				GCC_WARN_64_TO_32_BIT_CONVERSION = YES;
				GCC_WARN_ABOUT_RETURN_TYPE = YES_ERROR;
				GCC_WARN_UNDECLARED_SELECTOR = YES;
				GCC_WARN_UNINITIALIZED_AUTOS = YES_AGGRESSIVE;
				GCC_WARN_UNUSED_FUNCTION = YES;
				GCC_WARN_UNUSED_VARIABLE = YES;
				IPHONEOS_DEPLOYMENT_TARGET = 8.0;
				MTL_ENABLE_DEBUG_INFO = YES;
				ONLY_ACTIVE_ARCH = YES;
				SDKROOT = iphoneos;
				SWIFT_OPTIMIZATION_LEVEL = "-Onone";
			};
			name = Debug;
		};
		D2BC3CF719EE95FB00C3C4F3 /* Release */ = {
			isa = XCBuildConfiguration;
			buildSettings = {
				ALWAYS_SEARCH_USER_PATHS = NO;
				CLANG_CXX_LANGUAGE_STANDARD = "gnu++0x";
				CLANG_CXX_LIBRARY = "libc++";
				CLANG_ENABLE_MODULES = YES;
				CLANG_ENABLE_OBJC_ARC = YES;
				CLANG_WARN_BOOL_CONVERSION = YES;
				CLANG_WARN_CONSTANT_CONVERSION = YES;
				CLANG_WARN_DIRECT_OBJC_ISA_USAGE = YES_ERROR;
				CLANG_WARN_EMPTY_BODY = YES;
				CLANG_WARN_ENUM_CONVERSION = YES;
				CLANG_WARN_INT_CONVERSION = YES;
				CLANG_WARN_OBJC_ROOT_CLASS = YES_ERROR;
				CLANG_WARN_UNREACHABLE_CODE = YES;
				CLANG_WARN__DUPLICATE_METHOD_MATCH = YES;
				"CODE_SIGN_IDENTITY[sdk=iphoneos*]" = "iPhone Developer";
				COPY_PHASE_STRIP = YES;
				ENABLE_NS_ASSERTIONS = NO;
				ENABLE_STRICT_OBJC_MSGSEND = YES;
				GCC_C_LANGUAGE_STANDARD = gnu99;
				GCC_WARN_64_TO_32_BIT_CONVERSION = YES;
				GCC_WARN_ABOUT_RETURN_TYPE = YES_ERROR;
				GCC_WARN_UNDECLARED_SELECTOR = YES;
				GCC_WARN_UNINITIALIZED_AUTOS = YES_AGGRESSIVE;
				GCC_WARN_UNUSED_FUNCTION = YES;
				GCC_WARN_UNUSED_VARIABLE = YES;
				IPHONEOS_DEPLOYMENT_TARGET = 8.0;
				MTL_ENABLE_DEBUG_INFO = NO;
				SDKROOT = iphoneos;
				VALIDATE_PRODUCT = YES;
			};
			name = Release;
		};
		D2BC3CF919EE95FB00C3C4F3 /* Debug */ = {
			isa = XCBuildConfiguration;
			buildSettings = {
				ASSETCATALOG_COMPILER_APPICON_NAME = AppIcon;
				INFOPLIST_FILE = cococlip/Info.plist;
				LD_RUNPATH_SEARCH_PATHS = "$(inherited) @executable_path/Frameworks";
				PRODUCT_NAME = "$(TARGET_NAME)";
			};
			name = Debug;
		};
		D2BC3CFA19EE95FB00C3C4F3 /* Release */ = {
			isa = XCBuildConfiguration;
			buildSettings = {
				ASSETCATALOG_COMPILER_APPICON_NAME = AppIcon;
				INFOPLIST_FILE = cococlip/Info.plist;
				LD_RUNPATH_SEARCH_PATHS = "$(inherited) @executable_path/Frameworks";
				PRODUCT_NAME = "$(TARGET_NAME)";
			};
			name = Release;
		};
		D2BC3CFC19EE95FB00C3C4F3 /* Debug */ = {
			isa = XCBuildConfiguration;
			buildSettings = {
				BUNDLE_LOADER = "$(TEST_HOST)";
				FRAMEWORK_SEARCH_PATHS = (
					"$(SDKROOT)/Developer/Library/Frameworks",
					"$(inherited)",
				);
				GCC_PREPROCESSOR_DEFINITIONS = (
					"DEBUG=1",
					"$(inherited)",
				);
				INFOPLIST_FILE = cococlipTests/Info.plist;
				LD_RUNPATH_SEARCH_PATHS = "$(inherited) @executable_path/Frameworks @loader_path/Frameworks";
				PRODUCT_NAME = "$(TARGET_NAME)";
				TEST_HOST = "$(BUILT_PRODUCTS_DIR)/cococlip.app/cococlip";
			};
			name = Debug;
		};
		D2BC3CFD19EE95FB00C3C4F3 /* Release */ = {
			isa = XCBuildConfiguration;
			buildSettings = {
				BUNDLE_LOADER = "$(TEST_HOST)";
				FRAMEWORK_SEARCH_PATHS = (
					"$(SDKROOT)/Developer/Library/Frameworks",
					"$(inherited)",
				);
				INFOPLIST_FILE = cococlipTests/Info.plist;
				LD_RUNPATH_SEARCH_PATHS = "$(inherited) @executable_path/Frameworks @loader_path/Frameworks";
				PRODUCT_NAME = "$(TARGET_NAME)";
				TEST_HOST = "$(BUILT_PRODUCTS_DIR)/cococlip.app/cococlip";
			};
			name = Release;
		};
/* End XCBuildConfiguration section */

/* Begin XCConfigurationList section */
		D2BC3CD419EE95FB00C3C4F3 /* Build configuration list for PBXProject "cococlip" */ = {
			isa = XCConfigurationList;
			buildConfigurations = (
				D2BC3CF619EE95FB00C3C4F3 /* Debug */,
				D2BC3CF719EE95FB00C3C4F3 /* Release */,
			);
			defaultConfigurationIsVisible = 0;
			defaultConfigurationName = Release;
		};
		D2BC3CF819EE95FB00C3C4F3 /* Build configuration list for PBXNativeTarget "cococlip" */ = {
			isa = XCConfigurationList;
			buildConfigurations = (
				D2BC3CF919EE95FB00C3C4F3 /* Debug */,
				D2BC3CFA19EE95FB00C3C4F3 /* Release */,
			);
			defaultConfigurationIsVisible = 0;
			defaultConfigurationName = Release;
		};
		D2BC3CFB19EE95FB00C3C4F3 /* Build configuration list for PBXNativeTarget "cococlipTests" */ = {
			isa = XCConfigurationList;
			buildConfigurations = (
				D2BC3CFC19EE95FB00C3C4F3 /* Debug */,
				D2BC3CFD19EE95FB00C3C4F3 /* Release */,
			);
			defaultConfigurationIsVisible = 0;
			defaultConfigurationName = Release;
		};
/* End XCConfigurationList section */
	};
	rootObject = D2BC3CD119EE95FB00C3C4F3 /* Project object */;
}
